# THIS IS AN AUTOGENERATED FILE. DO NOT EDIT THIS FILE DIRECTLY.
# yarn lockfile v1


jquery-migrate@^3.1.0:
  version "3.1.0"
  resolved "https://registry.yarnpkg.com/jquery-migrate/-/jquery-migrate-3.1.0.tgz#8158de74cca39fb7fc2635db570151ae7ce3ddea"
  integrity sha512-u/MtE1ST2pCr3rCyouJG2xMiw/k3OzLNeRKprjKTeHUezCGr0DyEgeXFdqFLmQfxfR5EsVu+mGo/sCcYdiYcIQ==

jquery@^3.4.1:
  version "3.4.1"
  resolved "https://registry.yarnpkg.com/jquery/-/jquery-3.4.1.tgz#714f1f8d9dde4bdfa55764ba37ef214630d80ef2"
  integrity sha512-36+AdBzCL+y6qjw5Tx7HgzeGCzC81MDDgaUP8ld2zhx58HdqXGoBd+tHdrBMiyjGQs0Hxs/MLZTu/eHNJJuWPw==
